
Microsoft Visual Studio Solution File, Format Version 12.00
# Visual Studio Version 17
VisualStudioVersion = 17.13.35913.81 d17.13
MinimumVisualStudioVersion = 10.0.40219.1
Project("{FAE04EC0-301F-11D3-BF4B-00C04F79EFBC}") = "Products", "Products\Products.csproj", "{584415FA-E056-4197-9B5D-0987FC545CB6}"
EndProject
Global
	GlobalSection(SolutionConfigurationPlatforms) = preSolution
		Debug|Any CPU = Debug|Any CPU
		Release|Any CPU = Release|Any CPU
	EndGlobalSection
	GlobalSection(ProjectConfigurationPlatforms) = postSolution
		{584415FA-E056-4197-9B5D-0987FC545CB6}.Debug|Any CPU.ActiveCfg = Debug|Any CPU
		{584415FA-E056-4197-9B5D-0987FC545CB6}.Debug|Any CPU.Build.0 = Debug|Any CPU
		{584415FA-E056-4197-9B5D-0987FC545CB6}.Release|Any CPU.ActiveCfg = Release|Any CPU
		{584415FA-E056-4197-9B5D-0987FC545CB6}.Release|Any CPU.Build.0 = Release|Any CPU
	EndGlobalSection
	GlobalSection(SolutionProperties) = preSolution
		HideSolutionNode = FALSE
	EndGlobalSection
	GlobalSection(ExtensibilityGlobals) = postSolution
		SolutionGuid = {79F19019-F6C7-446C-9ABE-970A16423D64}
	EndGlobalSection
EndGlobal
